
Microsoft Visual Studio Solution File, Format Version 12.00
# Visual Studio Version 17
VisualStudioVersion = 17.4.33213.308
MinimumVisualStudioVersion = 10.0.40219.1
Project("{9A19103F-16F7-4668-BE54-9A1E7A4F7556}") = "MyNewApp", "MyNewApp\MyNewApp.csproj", "{28463525-BF0B-40C4-B208-3516861774A4}"
EndProject
Project("{FAE04EC0-301F-11D3-BF4B-00C04F79EFBC}") = "MyNewApp.DataAccess", "MyNewApp.DataAccess\MyNewApp.DataAccess.csproj", "{28B8BD7C-B514-4FE5-9124-BF7C98A3FD2E}"
EndProject
Project("{FAE04EC0-301F-11D3-BF4B-00C04F79EFBC}") = "MyNewApp.Models", "MyNewApp.Models\MyNewApp.Models.csproj", "{20E09AB1-7A42-4C5B-BE39-96DD176745C1}"
EndProject
Global
	GlobalSection(SolutionConfigurationPlatforms) = preSolution
		Debug|Any CPU = Debug|Any CPU
		Release|Any CPU = Release|Any CPU
	EndGlobalSection
	GlobalSection(ProjectConfigurationPlatforms) = postSolution
		{28463525-BF0B-40C4-B208-3516861774A4}.Debug|Any CPU.ActiveCfg = Debug|Any CPU
		{28463525-BF0B-40C4-B208-3516861774A4}.Debug|Any CPU.Build.0 = Debug|Any CPU
		{28463525-BF0B-40C4-B208-3516861774A4}.Release|Any CPU.ActiveCfg = Release|Any CPU
		{28463525-BF0B-40C4-B208-3516861774A4}.Release|Any CPU.Build.0 = Release|Any CPU
		{28B8BD7C-B514-4FE5-9124-BF7C98A3FD2E}.Debug|Any CPU.ActiveCfg = Debug|Any CPU
		{28B8BD7C-B514-4FE5-9124-BF7C98A3FD2E}.Debug|Any CPU.Build.0 = Debug|Any CPU
		{28B8BD7C-B514-4FE5-9124-BF7C98A3FD2E}.Release|Any CPU.ActiveCfg = Release|Any CPU
		{28B8BD7C-B514-4FE5-9124-BF7C98A3FD2E}.Release|Any CPU.Build.0 = Release|Any CPU
		{20E09AB1-7A42-4C5B-BE39-96DD176745C1}.Debug|Any CPU.ActiveCfg = Debug|Any CPU
		{20E09AB1-7A42-4C5B-BE39-96DD176745C1}.Debug|Any CPU.Build.0 = Debug|Any CPU
		{20E09AB1-7A42-4C5B-BE39-96DD176745C1}.Release|Any CPU.ActiveCfg = Release|Any CPU
		{20E09AB1-7A42-4C5B-BE39-96DD176745C1}.Release|Any CPU.Build.0 = Release|Any CPU
	EndGlobalSection
	GlobalSection(SolutionProperties) = preSolution
		HideSolutionNode = FALSE
	EndGlobalSection
	GlobalSection(ExtensibilityGlobals) = postSolution
		SolutionGuid = {406ABFFB-6727-4DDB-ADE4-599309B4A68D}
	EndGlobalSection
EndGlobal
